
Microsoft Visual Studio Solution File, Format Version 12.00
# Visual Studio Version 16
VisualStudioVersion = 16.0.31613.86
MinimumVisualStudioVersion = 10.0.40219.1
Project("{FAE04EC0-301F-11D3-BF4B-00C04F79EFBC}") = "PriceIsRight", "PriceIsRight\PriceIsRight.csproj", "{6F5CA080-9BA4-4D62-BA4B-BD0D4AAACD8E}"
EndProject
Global
	GlobalSection(SolutionConfigurationPlatforms) = preSolution
		Debug|Any CPU = Debug|Any CPU
		Release|Any CPU = Release|Any CPU
	EndGlobalSection
	GlobalSection(ProjectConfigurationPlatforms) = postSolution
		{6F5CA080-9BA4-4D62-BA4B-BD0D4AAACD8E}.Debug|Any CPU.ActiveCfg = Debug|Any CPU
		{6F5CA080-9BA4-4D62-BA4B-BD0D4AAACD8E}.Debug|Any CPU.Build.0 = Debug|Any CPU
		{6F5CA080-9BA4-4D62-BA4B-BD0D4AAACD8E}.Release|Any CPU.ActiveCfg = Release|Any CPU
		{6F5CA080-9BA4-4D62-BA4B-BD0D4AAACD8E}.Release|Any CPU.Build.0 = Release|Any CPU
	EndGlobalSection
	GlobalSection(SolutionProperties) = preSolution
		HideSolutionNode = FALSE
	EndGlobalSection
	GlobalSection(ExtensibilityGlobals) = postSolution
		SolutionGuid = {0CB2AC49-4D99-42CD-A71E-1561B06BBDE0}
	EndGlobalSection
EndGlobal
